# THIS IS AN AUTOGENERATED FILE. DO NOT EDIT THIS FILE DIRECTLY.
# yarn lockfile v1


"@formatjs/ecma402-abstract@2.0.0":
  version "2.0.0"
  resolved "https://registry.yarnpkg.com/@formatjs/ecma402-abstract/-/ecma402-abstract-2.0.0.tgz#39197ab90b1c78b7342b129a56a7acdb8f512e17"
  integrity sha512-rRqXOqdFmk7RYvj4khklyqzcfQl9vEL/usogncBHRZfZBDOwMGuSRNFl02fu5KGHXdbinju+YXyuR+Nk8xlr/g==
  dependencies:
    "@formatjs/intl-localematcher" "0.5.4"
    tslib "^2.4.0"

"@formatjs/fast-memoize@2.2.0", "@formatjs/fast-memoize@^2.2.0":
  version "2.2.0"
  resolved "https://registry.yarnpkg.com/@formatjs/fast-memoize/-/fast-memoize-2.2.0.tgz#33bd616d2e486c3e8ef4e68c99648c196887802b"
  integrity sha512-hnk/nY8FyrL5YxwP9e4r9dqeM6cAbo8PeU9UjyXojZMNvVad2Z06FAVHyR3Ecw6fza+0GH7vdJgiKIVXTMbSBA==
  dependencies:
    tslib "^2.4.0"

"@formatjs/icu-messageformat-parser@2.7.8":
  version "2.7.8"
  resolved "https://registry.yarnpkg.com/@formatjs/icu-messageformat-parser/-/icu-messageformat-parser-2.7.8.tgz#f6d7643001e9bb5930d812f1f9a9856f30fa0343"
  integrity sha512-nBZJYmhpcSX0WeJ5SDYUkZ42AgR3xiyhNCsQweFx3cz/ULJjym8bHAzWKvG5e2+1XO98dBYC0fWeeAECAVSwLA==
  dependencies:
    "@formatjs/ecma402-abstract" "2.0.0"
    "@formatjs/icu-skeleton-parser" "1.8.2"
    tslib "^2.4.0"

"@formatjs/icu-skeleton-parser@1.8.2":
  version "1.8.2"
  resolved "https://registry.yarnpkg.com/@formatjs/icu-skeleton-parser/-/icu-skeleton-parser-1.8.2.tgz#2252c949ae84ee66930e726130ea66731a123c9f"
  integrity sha512-k4ERKgw7aKGWJZgTarIcNEmvyTVD9FYh0mTrrBMHZ1b8hUu6iOJ4SzsZlo3UNAvHYa+PnvntIwRPt1/vy4nA9Q==
  dependencies:
    "@formatjs/ecma402-abstract" "2.0.0"
    tslib "^2.4.0"

"@formatjs/intl-localematcher@0.5.4":
  version "0.5.4"
  resolved "https://registry.yarnpkg.com/@formatjs/intl-localematcher/-/intl-localematcher-0.5.4.tgz#caa71f2e40d93e37d58be35cfffe57865f2b366f"
  integrity sha512-zTwEpWOzZ2CiKcB93BLngUX59hQkuZjT2+SAQEscSm52peDW/getsawMcWF1rGRpMCX6D7nSJA3CzJ8gn13N/g==
  dependencies:
    tslib "^2.4.0"

"@formatjs/intl-localematcher@^0.2.32":
  version "0.2.32"
  resolved "https://registry.yarnpkg.com/@formatjs/intl-localematcher/-/intl-localematcher-0.2.32.tgz#00d4d307cd7d514b298e15a11a369b86c8933ec1"
  integrity sha512-k/MEBstff4sttohyEpXxCmC3MqbUn9VvHGlZ8fauLzkbwXmVrEeyzS+4uhrvAk9DWU9/7otYWxyDox4nT/KVLQ==
  dependencies:
    tslib "^2.4.0"

intl-messageformat@^10.5.14:
  version "10.5.14"
  resolved "https://registry.yarnpkg.com/intl-messageformat/-/intl-messageformat-10.5.14.tgz#e5bb373f8a37b88fbe647d7b941f3ab2a37ed00a"
  integrity sha512-IjC6sI0X7YRjjyVH9aUgdftcmZK7WXdHeil4KwbjDnRWjnVitKpAx3rr6t6di1joFp5188VqKcobOPA6mCLG/w==
  dependencies:
    "@formatjs/ecma402-abstract" "2.0.0"
    "@formatjs/fast-memoize" "2.2.0"
    "@formatjs/icu-messageformat-parser" "2.7.8"
    tslib "^2.4.0"

negotiator@^0.6.3:
  version "0.6.3"
  resolved "https://registry.yarnpkg.com/negotiator/-/negotiator-0.6.3.tgz#58e323a72fedc0d6f9cd4d31fe49f51479590ccd"
  integrity sha512-+EUsqGPLsM+j/zdChZjsnX51g4XrHFOIXwfnCVPGlQk/k5giakcKsuxCObBRu6DSm9opw/O6slWbJdghQM4bBg==

next-intl@^3.17.3:
  version "3.17.3"
  resolved "https://registry.yarnpkg.com/next-intl/-/next-intl-3.17.3.tgz#66426573c38a61211ae9eb4b6f4a61b6c4c13724"
  integrity sha512-WMUgkzRUZnkowVzv8cHpNFZbf9w9d/lZbWEqnLqzn/p///NibtP+bhHLMMsPpRM00T85nhiYAZd9oYZcF3B5Mw==
  dependencies:
    "@formatjs/intl-localematcher" "^0.2.32"
    negotiator "^0.6.3"
    use-intl "^3.17.3"

tslib@^2.4.0:
  version "2.6.3"
  resolved "https://registry.yarnpkg.com/tslib/-/tslib-2.6.3.tgz#0438f810ad7a9edcde7a241c3d80db693c8cbfe0"
  integrity sha512-xNvxJEOUiWPGhUuUdQgAJPKOOJfGnIyKySOc09XkKsgdUV/3E2zvwZYdejjmRgPCgcym1juLH3226yA7sEFJKQ==

use-intl@^3.17.3:
  version "3.17.3"
  resolved "https://registry.yarnpkg.com/use-intl/-/use-intl-3.17.3.tgz#9b5e9f6798c1c1cf6feaca99a683005cc78d8727"
  integrity sha512-Wfwm1Ko7eTKC9xJz3ODGkdu1V3BUS33EAqdiF9vJR6GMqHBGHUGIawodrmGj9qGCHPGvdu1/acefXZ5dRMZLtg==
  dependencies:
    "@formatjs/fast-memoize" "^2.2.0"
    intl-messageformat "^10.5.14"
